
Microsoft Visual Studio Solution File, Format Version 12.00
# Visual Studio Version 17
VisualStudioVersion = 17.0.31903.59
MinimumVisualStudioVersion = 10.0.40219.1
Project("{2150E333-8FDC-42A3-9474-1A3956D46DE8}") = "COMPORTAMENTAIS", "COMPORTAMENTAIS", "{563E76C5-B8DC-464C-8BE2-8D69E71C6D52}"
EndProject
Project("{FAE04EC0-301F-11D3-BF4B-00C04F79EFBC}") = "STRATEGY", "COMPORTAMENTAIS\STRATEGY\STRATEGY.csproj", "{5E6A4096-6BAF-4B8D-B97B-F39705B0681E}"
EndProject
Project("{FAE04EC0-301F-11D3-BF4B-00C04F79EFBC}") = "TEMPLATE_METHOD", "COMPORTAMENTAIS\TEMPLATE_METHOD\TEMPLATE_METHOD.csproj", "{79A76ECB-4134-422A-9065-EA7CA75D10AC}"
EndProject
Project("{FAE04EC0-301F-11D3-BF4B-00C04F79EFBC}") = "OBSERVER", "COMPORTAMENTAIS\OBSERVER\OBSERVER.csproj", "{76B1DFE9-072D-416B-BC8D-6497467B64D2}"
EndProject
Global
	GlobalSection(SolutionConfigurationPlatforms) = preSolution
		Debug|Any CPU = Debug|Any CPU
		Release|Any CPU = Release|Any CPU
	EndGlobalSection
	GlobalSection(SolutionProperties) = preSolution
		HideSolutionNode = FALSE
	EndGlobalSection
	GlobalSection(ProjectConfigurationPlatforms) = postSolution
		{29481D25-AFC7-47AB-A8F2-B7F2449E0B0F}.Debug|Any CPU.ActiveCfg = Debug|Any CPU
		{29481D25-AFC7-47AB-A8F2-B7F2449E0B0F}.Debug|Any CPU.Build.0 = Debug|Any CPU
		{29481D25-AFC7-47AB-A8F2-B7F2449E0B0F}.Release|Any CPU.ActiveCfg = Release|Any CPU
		{29481D25-AFC7-47AB-A8F2-B7F2449E0B0F}.Release|Any CPU.Build.0 = Release|Any CPU
		{AE3B036D-AA12-4BB3-A3C7-DEC53FE676E5}.Debug|Any CPU.ActiveCfg = Debug|Any CPU
		{AE3B036D-AA12-4BB3-A3C7-DEC53FE676E5}.Debug|Any CPU.Build.0 = Debug|Any CPU
		{AE3B036D-AA12-4BB3-A3C7-DEC53FE676E5}.Release|Any CPU.ActiveCfg = Release|Any CPU
		{AE3B036D-AA12-4BB3-A3C7-DEC53FE676E5}.Release|Any CPU.Build.0 = Release|Any CPU
		{E27A156A-6FB1-4AEE-B133-84F377D0D0FE}.Debug|Any CPU.ActiveCfg = Debug|Any CPU
		{E27A156A-6FB1-4AEE-B133-84F377D0D0FE}.Debug|Any CPU.Build.0 = Debug|Any CPU
		{E27A156A-6FB1-4AEE-B133-84F377D0D0FE}.Release|Any CPU.ActiveCfg = Release|Any CPU
		{E27A156A-6FB1-4AEE-B133-84F377D0D0FE}.Release|Any CPU.Build.0 = Release|Any CPU
		{1E0561E0-96CD-4675-889B-5253E42E4035}.Debug|Any CPU.ActiveCfg = Debug|Any CPU
		{1E0561E0-96CD-4675-889B-5253E42E4035}.Debug|Any CPU.Build.0 = Debug|Any CPU
		{1E0561E0-96CD-4675-889B-5253E42E4035}.Release|Any CPU.ActiveCfg = Release|Any CPU
		{1E0561E0-96CD-4675-889B-5253E42E4035}.Release|Any CPU.Build.0 = Release|Any CPU
		{5E6A4096-6BAF-4B8D-B97B-F39705B0681E}.Debug|Any CPU.ActiveCfg = Debug|Any CPU
		{5E6A4096-6BAF-4B8D-B97B-F39705B0681E}.Debug|Any CPU.Build.0 = Debug|Any CPU
		{5E6A4096-6BAF-4B8D-B97B-F39705B0681E}.Release|Any CPU.ActiveCfg = Release|Any CPU
		{5E6A4096-6BAF-4B8D-B97B-F39705B0681E}.Release|Any CPU.Build.0 = Release|Any CPU
		{79A76ECB-4134-422A-9065-EA7CA75D10AC}.Debug|Any CPU.ActiveCfg = Debug|Any CPU
		{79A76ECB-4134-422A-9065-EA7CA75D10AC}.Debug|Any CPU.Build.0 = Debug|Any CPU
		{79A76ECB-4134-422A-9065-EA7CA75D10AC}.Release|Any CPU.ActiveCfg = Release|Any CPU
		{79A76ECB-4134-422A-9065-EA7CA75D10AC}.Release|Any CPU.Build.0 = Release|Any CPU
		{76B1DFE9-072D-416B-BC8D-6497467B64D2}.Debug|Any CPU.ActiveCfg = Debug|Any CPU
		{76B1DFE9-072D-416B-BC8D-6497467B64D2}.Debug|Any CPU.Build.0 = Debug|Any CPU
		{76B1DFE9-072D-416B-BC8D-6497467B64D2}.Release|Any CPU.ActiveCfg = Release|Any CPU
		{76B1DFE9-072D-416B-BC8D-6497467B64D2}.Release|Any CPU.Build.0 = Release|Any CPU
	EndGlobalSection
	GlobalSection(NestedProjects) = preSolution
		{5E6A4096-6BAF-4B8D-B97B-F39705B0681E} = {563E76C5-B8DC-464C-8BE2-8D69E71C6D52}
		{79A76ECB-4134-422A-9065-EA7CA75D10AC} = {563E76C5-B8DC-464C-8BE2-8D69E71C6D52}
		{76B1DFE9-072D-416B-BC8D-6497467B64D2} = {563E76C5-B8DC-464C-8BE2-8D69E71C6D52}
	EndGlobalSection
EndGlobal
